
Microsoft Visual Studio Solution File, Format Version 12.00
# Visual Studio Version 16
VisualStudioVersion = 16.0.33328.57
MinimumVisualStudioVersion = 10.0.40219.1
Project("{FAE04EC0-301F-11D3-BF4B-00C04F79EFBC}") = "repasando6", "repasando6\repasando6.csproj", "{72C1EE47-B388-4185-8206-3E8048A94E75}"
EndProject
Global
	GlobalSection(SolutionConfigurationPlatforms) = preSolution
		Debug|Any CPU = Debug|Any CPU
		Release|Any CPU = Release|Any CPU
	EndGlobalSection
	GlobalSection(ProjectConfigurationPlatforms) = postSolution
		{72C1EE47-B388-4185-8206-3E8048A94E75}.Debug|Any CPU.ActiveCfg = Debug|Any CPU
		{72C1EE47-B388-4185-8206-3E8048A94E75}.Debug|Any CPU.Build.0 = Debug|Any CPU
		{72C1EE47-B388-4185-8206-3E8048A94E75}.Release|Any CPU.ActiveCfg = Release|Any CPU
		{72C1EE47-B388-4185-8206-3E8048A94E75}.Release|Any CPU.Build.0 = Release|Any CPU
	EndGlobalSection
	GlobalSection(SolutionProperties) = preSolution
		HideSolutionNode = FALSE
	EndGlobalSection
	GlobalSection(ExtensibilityGlobals) = postSolution
		SolutionGuid = {8E028936-7D10-4E64-B4B8-438B84E6E046}
	EndGlobalSection
EndGlobal
